
Microsoft Visual Studio Solution File, Format Version 12.00
# Visual Studio Version 17
VisualStudioVersion = 17.10.35004.147
MinimumVisualStudioVersion = 10.0.40219.1
Project("{FAE04EC0-301F-11D3-BF4B-00C04F79EFBC}") = "CodingWiki_Web", "CodingWiki_Web\CodingWiki_Web.csproj", "{D9E21A79-3383-4B28-A0CC-B0DCDDF4876C}"
EndProject
Global
	GlobalSection(SolutionConfigurationPlatforms) = preSolution
		Debug|Any CPU = Debug|Any CPU
		Release|Any CPU = Release|Any CPU
	EndGlobalSection
	GlobalSection(ProjectConfigurationPlatforms) = postSolution
		{D9E21A79-3383-4B28-A0CC-B0DCDDF4876C}.Debug|Any CPU.ActiveCfg = Debug|Any CPU
		{D9E21A79-3383-4B28-A0CC-B0DCDDF4876C}.Debug|Any CPU.Build.0 = Debug|Any CPU
		{D9E21A79-3383-4B28-A0CC-B0DCDDF4876C}.Release|Any CPU.ActiveCfg = Release|Any CPU
		{D9E21A79-3383-4B28-A0CC-B0DCDDF4876C}.Release|Any CPU.Build.0 = Release|Any CPU
	EndGlobalSection
	GlobalSection(SolutionProperties) = preSolution
		HideSolutionNode = FALSE
	EndGlobalSection
	GlobalSection(ExtensibilityGlobals) = postSolution
		SolutionGuid = {3E6CB254-9BB1-4EF4-B49D-5909AFE1ECC6}
	EndGlobalSection
EndGlobal
